Microsoft Visual Studio Solution File, Format Version 12.00
# Visual Studio Version 17
VisualStudioVersion = 17.5.2.0
MinimumVisualStudioVersion = 10.0.40219.1
Project("{FAE04EC0-301F-11D3-BF4B-00C04F79EFBC}") = "jbot-cs", "Jbot\jbot-cs.csproj", "{BF24F080-75D3-BA6C-3AFA-38B7A6EACD81}"
EndProject
Project("{FAE04EC0-301F-11D3-BF4B-00C04F79EFBC}") = "jbot-cs-test", "Jbot.Test\jbot-cs-test.csproj", "{BFD8F248-AE43-4DA9-B854-21D912473447}"
EndProject
Global
	GlobalSection(SolutionConfigurationPlatforms) = preSolution
		Debug|Any CPU = Debug|Any CPU
		Release|Any CPU = Release|Any CPU
	EndGlobalSection
	GlobalSection(ProjectConfigurationPlatforms) = postSolution
		{BF24F080-75D3-BA6C-3AFA-38B7A6EACD81}.Debug|Any CPU.ActiveCfg = Debug|Any CPU
		{BF24F080-75D3-BA6C-3AFA-38B7A6EACD81}.Debug|Any CPU.Build.0 = Debug|Any CPU
		{BF24F080-75D3-BA6C-3AFA-38B7A6EACD81}.Release|Any CPU.ActiveCfg = Release|Any CPU
		{BF24F080-75D3-BA6C-3AFA-38B7A6EACD81}.Release|Any CPU.Build.0 = Release|Any CPU
		{BFD8F248-AE43-4DA9-B854-21D912473447}.Debug|Any CPU.ActiveCfg = Debug|Any CPU
		{BFD8F248-AE43-4DA9-B854-21D912473447}.Debug|Any CPU.Build.0 = Debug|Any CPU
		{BFD8F248-AE43-4DA9-B854-21D912473447}.Release|Any CPU.ActiveCfg = Release|Any CPU
		{BFD8F248-AE43-4DA9-B854-21D912473447}.Release|Any CPU.Build.0 = Release|Any CPU
	EndGlobalSection
	GlobalSection(SolutionProperties) = preSolution
		HideSolutionNode = FALSE
	EndGlobalSection
	GlobalSection(ExtensibilityGlobals) = postSolution
		SolutionGuid = {EEBDCBDC-F98E-4B73-9D3F-3AD8BE07480D}
	EndGlobalSection
EndGlobal
